
Microsoft Visual Studio Solution File, Format Version 12.00
# Visual Studio Version 17
VisualStudioVersion = 17.2.32526.322
MinimumVisualStudioVersion = 10.0.40219.1
Project("{2150E333-8FDC-42A3-9474-1A3956D46DE8}") = "FrontEnd", "FrontEnd", "{4EF8A8B3-FC3B-4B39-B356-695D75B24362}"
EndProject
Project("{2150E333-8FDC-42A3-9474-1A3956D46DE8}") = "Services", "Services", "{9079827C-647F-45CD-B886-98323417BB83}"
EndProject
Project("{9A19103F-16F7-4668-BE54-9A1E7A4F7556}") = "GeekShopping.WebApp", "GeekShopping.WebApp\GeekShopping.WebApp.csproj", "{BAFB1CD5-0F2E-4A21-9C77-17C0BCB82B72}"
EndProject
Project("{FAE04EC0-301F-11D3-BF4B-00C04F79EFBC}") = "GeekShopping.ProductAPI", "GeekShopping.ProductAPI\GeekShopping.ProductAPI.csproj", "{575997C8-D575-4576-AB53-7059CF064EC6}"
EndProject
Global
	GlobalSection(SolutionConfigurationPlatforms) = preSolution
		Debug|Any CPU = Debug|Any CPU
		Release|Any CPU = Release|Any CPU
	EndGlobalSection
	GlobalSection(ProjectConfigurationPlatforms) = postSolution
		{BAFB1CD5-0F2E-4A21-9C77-17C0BCB82B72}.Debug|Any CPU.ActiveCfg = Debug|Any CPU
		{BAFB1CD5-0F2E-4A21-9C77-17C0BCB82B72}.Debug|Any CPU.Build.0 = Debug|Any CPU
		{BAFB1CD5-0F2E-4A21-9C77-17C0BCB82B72}.Release|Any CPU.ActiveCfg = Release|Any CPU
		{BAFB1CD5-0F2E-4A21-9C77-17C0BCB82B72}.Release|Any CPU.Build.0 = Release|Any CPU
		{575997C8-D575-4576-AB53-7059CF064EC6}.Debug|Any CPU.ActiveCfg = Debug|Any CPU
		{575997C8-D575-4576-AB53-7059CF064EC6}.Debug|Any CPU.Build.0 = Debug|Any CPU
		{575997C8-D575-4576-AB53-7059CF064EC6}.Release|Any CPU.ActiveCfg = Release|Any CPU
		{575997C8-D575-4576-AB53-7059CF064EC6}.Release|Any CPU.Build.0 = Release|Any CPU
	EndGlobalSection
	GlobalSection(SolutionProperties) = preSolution
		HideSolutionNode = FALSE
	EndGlobalSection
	GlobalSection(NestedProjects) = preSolution
		{BAFB1CD5-0F2E-4A21-9C77-17C0BCB82B72} = {4EF8A8B3-FC3B-4B39-B356-695D75B24362}
		{575997C8-D575-4576-AB53-7059CF064EC6} = {9079827C-647F-45CD-B886-98323417BB83}
	EndGlobalSection
	GlobalSection(ExtensibilityGlobals) = postSolution
		SolutionGuid = {E3BC80F3-F90A-4F18-9336-F12F48A180AA}
	EndGlobalSection
EndGlobal
